
Microsoft Visual Studio Solution File, Format Version 12.00
# Visual Studio 15
VisualStudioVersion = 15.0.27130.2003
MinimumVisualStudioVersion = 10.0.40219.1
Project("{F14B399A-7131-4C87-9E4B-1186C45EF12D}") = "ReporteRM", "ReporteRM\ReporteRM.rptproj", "{D8223704-ADF6-40C8-9386-CA22467335E7}"
EndProject
Project("{F14B399A-7131-4C87-9E4B-1186C45EF12D}") = "ReporteGTH", "ReporteGTH\ReporteGTH.rptproj", "{EFF32BD6-5A16-442C-A7F0-4E9BE1E0EFE3}"
EndProject
Global
	GlobalSection(SolutionConfigurationPlatforms) = preSolution
		Debug|Default = Debug|Default
		DebugLocal|Default = DebugLocal|Default
		Release|Default = Release|Default
	EndGlobalSection
	GlobalSection(ProjectConfigurationPlatforms) = postSolution
		{D8223704-ADF6-40C8-9386-CA22467335E7}.Debug|Default.ActiveCfg = Debug
		{D8223704-ADF6-40C8-9386-CA22467335E7}.Debug|Default.Build.0 = Debug
		{D8223704-ADF6-40C8-9386-CA22467335E7}.Debug|Default.Deploy.0 = Debug
		{D8223704-ADF6-40C8-9386-CA22467335E7}.DebugLocal|Default.ActiveCfg = DebugLocal
		{D8223704-ADF6-40C8-9386-CA22467335E7}.DebugLocal|Default.Build.0 = DebugLocal
		{D8223704-ADF6-40C8-9386-CA22467335E7}.Release|Default.ActiveCfg = Release
		{D8223704-ADF6-40C8-9386-CA22467335E7}.Release|Default.Build.0 = Release
		{D8223704-ADF6-40C8-9386-CA22467335E7}.Release|Default.Deploy.0 = Release
		{EFF32BD6-5A16-442C-A7F0-4E9BE1E0EFE3}.Debug|Default.ActiveCfg = Debug
		{EFF32BD6-5A16-442C-A7F0-4E9BE1E0EFE3}.Debug|Default.Build.0 = Debug
		{EFF32BD6-5A16-442C-A7F0-4E9BE1E0EFE3}.Debug|Default.Deploy.0 = Debug
		{EFF32BD6-5A16-442C-A7F0-4E9BE1E0EFE3}.DebugLocal|Default.ActiveCfg = DebugLocal
		{EFF32BD6-5A16-442C-A7F0-4E9BE1E0EFE3}.DebugLocal|Default.Build.0 = DebugLocal
		{EFF32BD6-5A16-442C-A7F0-4E9BE1E0EFE3}.DebugLocal|Default.Deploy.0 = DebugLocal
		{EFF32BD6-5A16-442C-A7F0-4E9BE1E0EFE3}.Release|Default.ActiveCfg = Release
		{EFF32BD6-5A16-442C-A7F0-4E9BE1E0EFE3}.Release|Default.Build.0 = Release
		{EFF32BD6-5A16-442C-A7F0-4E9BE1E0EFE3}.Release|Default.Deploy.0 = Release
	EndGlobalSection
	GlobalSection(SolutionProperties) = preSolution
		HideSolutionNode = FALSE
	EndGlobalSection
	GlobalSection(ExtensibilityGlobals) = postSolution
		SolutionGuid = {43B5782B-B075-47D8-AC92-D798D281676F}
	EndGlobalSection
EndGlobal
